
Microsoft Visual Studio Solution File, Format Version 12.00
# Visual Studio Version 17
VisualStudioVersion = 17.14.36327.8 d17.14
MinimumVisualStudioVersion = 10.0.40219.1
Project("{FAE04EC0-301F-11D3-BF4B-00C04F79EFBC}") = "PedidosApi.API", "PedidosApi.API\PedidosApi.API.csproj", "{A1C2F015-E457-42EB-BE19-3F68EFC7806C}"
EndProject
Project("{FAE04EC0-301F-11D3-BF4B-00C04F79EFBC}") = "PedidosApi.Domain", "PedidosApi.Domain\PedidosApi.Domain.csproj", "{A2A8FDFF-68F7-464A-B70C-C7D46317A3BA}"
EndProject
Project("{FAE04EC0-301F-11D3-BF4B-00C04F79EFBC}") = "PedidosApi.Application", "PedidosApi.Application\PedidosApi.Application.csproj", "{B4D1CB43-9749-45F1-A163-F5AD9A807E59}"
EndProject
Project("{FAE04EC0-301F-11D3-BF4B-00C04F79EFBC}") = "PedidosApi.Infrastructure", "PedidosApi.Infrastructure\PedidosApi.Infrastructure.csproj", "{56C01822-9093-480E-8FE1-1E0494EE6851}"
EndProject
Project("{FAE04EC0-301F-11D3-BF4B-00C04F79EFBC}") = "PedidosApi.Tests", "PedidosApi.Tests\PedidosApi.Tests.csproj", "{B71A661F-334E-46B3-A676-6873A38EEDD8}"
EndProject
Global
	GlobalSection(SolutionConfigurationPlatforms) = preSolution
		Debug|Any CPU = Debug|Any CPU
		Release|Any CPU = Release|Any CPU
	EndGlobalSection
	GlobalSection(ProjectConfigurationPlatforms) = postSolution
		{A1C2F015-E457-42EB-BE19-3F68EFC7806C}.Debug|Any CPU.ActiveCfg = Debug|Any CPU
		{A1C2F015-E457-42EB-BE19-3F68EFC7806C}.Debug|Any CPU.Build.0 = Debug|Any CPU
		{A1C2F015-E457-42EB-BE19-3F68EFC7806C}.Release|Any CPU.ActiveCfg = Release|Any CPU
		{A1C2F015-E457-42EB-BE19-3F68EFC7806C}.Release|Any CPU.Build.0 = Release|Any CPU
		{A2A8FDFF-68F7-464A-B70C-C7D46317A3BA}.Debug|Any CPU.ActiveCfg = Debug|Any CPU
		{A2A8FDFF-68F7-464A-B70C-C7D46317A3BA}.Debug|Any CPU.Build.0 = Debug|Any CPU
		{A2A8FDFF-68F7-464A-B70C-C7D46317A3BA}.Release|Any CPU.ActiveCfg = Release|Any CPU
		{A2A8FDFF-68F7-464A-B70C-C7D46317A3BA}.Release|Any CPU.Build.0 = Release|Any CPU
		{B4D1CB43-9749-45F1-A163-F5AD9A807E59}.Debug|Any CPU.ActiveCfg = Debug|Any CPU
		{B4D1CB43-9749-45F1-A163-F5AD9A807E59}.Debug|Any CPU.Build.0 = Debug|Any CPU
		{B4D1CB43-9749-45F1-A163-F5AD9A807E59}.Release|Any CPU.ActiveCfg = Release|Any CPU
		{B4D1CB43-9749-45F1-A163-F5AD9A807E59}.Release|Any CPU.Build.0 = Release|Any CPU
		{56C01822-9093-480E-8FE1-1E0494EE6851}.Debug|Any CPU.ActiveCfg = Debug|Any CPU
		{56C01822-9093-480E-8FE1-1E0494EE6851}.Debug|Any CPU.Build.0 = Debug|Any CPU
		{56C01822-9093-480E-8FE1-1E0494EE6851}.Release|Any CPU.ActiveCfg = Release|Any CPU
		{56C01822-9093-480E-8FE1-1E0494EE6851}.Release|Any CPU.Build.0 = Release|Any CPU
		{B71A661F-334E-46B3-A676-6873A38EEDD8}.Debug|Any CPU.ActiveCfg = Debug|Any CPU
		{B71A661F-334E-46B3-A676-6873A38EEDD8}.Debug|Any CPU.Build.0 = Debug|Any CPU
		{B71A661F-334E-46B3-A676-6873A38EEDD8}.Release|Any CPU.ActiveCfg = Release|Any CPU
		{B71A661F-334E-46B3-A676-6873A38EEDD8}.Release|Any CPU.Build.0 = Release|Any CPU
	EndGlobalSection
	GlobalSection(SolutionProperties) = preSolution
		HideSolutionNode = FALSE
	EndGlobalSection
	GlobalSection(ExtensibilityGlobals) = postSolution
		SolutionGuid = {290FD15E-5BD6-42E3-8538-8604DF269349}
	EndGlobalSection
EndGlobal
